
Microsoft Visual Studio Solution File, Format Version 12.00
# Visual Studio Version 17
VisualStudioVersion = 17.12.35527.113
MinimumVisualStudioVersion = 10.0.40219.1
Project("{FAE04EC0-301F-11D3-BF4B-00C04F79EFBC}") = "CleanArchitecture2025.Server", "CleanArcitecture2025.Server\CleanArchitecture2025.Server.csproj", "{AF106DDC-B507-4F1B-B28F-EAE10773FD94}"
EndProject
Project("{54A90642-561A-4BB1-A94E-469ADEE60C69}") = "CleanArcitecture2025.client", "cleanarcitecture2025.client\CleanArcitecture2025.client.esproj", "{B12817A4-687E-426F-BA4A-10DB7C1C7097}"
EndProject
Project("{FAE04EC0-301F-11D3-BF4B-00C04F79EFBC}") = "Infrastructure", "Infrastructure\Infrastructure.csproj", "{F0BE8D65-9B33-4590-B918-82A6A9FDECCF}"
EndProject
Project("{FAE04EC0-301F-11D3-BF4B-00C04F79EFBC}") = "Application.Contracts", "Application.Contracts\Application.Contracts.csproj", "{3C1D31D8-6C99-4C0E-A0A5-2F78B61D8B89}"
EndProject
Project("{2150E333-8FDC-42A3-9474-1A3956D46DE8}") = "Solution Items", "Solution Items", "{7B25D495-4FA4-46B8-BDC8-D1F65B9AF2DE}"
	ProjectSection(SolutionItems) = preProject
		README.md = README.md
	EndProjectSection
EndProject
Global
	GlobalSection(SolutionConfigurationPlatforms) = preSolution
		Debug|Any CPU = Debug|Any CPU
		Release|Any CPU = Release|Any CPU
	EndGlobalSection
	GlobalSection(ProjectConfigurationPlatforms) = postSolution
		{AF106DDC-B507-4F1B-B28F-EAE10773FD94}.Debug|Any CPU.ActiveCfg = Debug|Any CPU
		{AF106DDC-B507-4F1B-B28F-EAE10773FD94}.Debug|Any CPU.Build.0 = Debug|Any CPU
		{AF106DDC-B507-4F1B-B28F-EAE10773FD94}.Release|Any CPU.ActiveCfg = Release|Any CPU
		{AF106DDC-B507-4F1B-B28F-EAE10773FD94}.Release|Any CPU.Build.0 = Release|Any CPU
		{B12817A4-687E-426F-BA4A-10DB7C1C7097}.Debug|Any CPU.ActiveCfg = Debug|Any CPU
		{B12817A4-687E-426F-BA4A-10DB7C1C7097}.Debug|Any CPU.Build.0 = Debug|Any CPU
		{B12817A4-687E-426F-BA4A-10DB7C1C7097}.Debug|Any CPU.Deploy.0 = Debug|Any CPU
		{B12817A4-687E-426F-BA4A-10DB7C1C7097}.Release|Any CPU.ActiveCfg = Release|Any CPU
		{F0BE8D65-9B33-4590-B918-82A6A9FDECCF}.Debug|Any CPU.ActiveCfg = Debug|Any CPU
		{F0BE8D65-9B33-4590-B918-82A6A9FDECCF}.Debug|Any CPU.Build.0 = Debug|Any CPU
		{F0BE8D65-9B33-4590-B918-82A6A9FDECCF}.Release|Any CPU.ActiveCfg = Release|Any CPU
		{F0BE8D65-9B33-4590-B918-82A6A9FDECCF}.Release|Any CPU.Build.0 = Release|Any CPU
		{3C1D31D8-6C99-4C0E-A0A5-2F78B61D8B89}.Debug|Any CPU.ActiveCfg = Debug|Any CPU
		{3C1D31D8-6C99-4C0E-A0A5-2F78B61D8B89}.Debug|Any CPU.Build.0 = Debug|Any CPU
		{3C1D31D8-6C99-4C0E-A0A5-2F78B61D8B89}.Release|Any CPU.ActiveCfg = Release|Any CPU
		{3C1D31D8-6C99-4C0E-A0A5-2F78B61D8B89}.Release|Any CPU.Build.0 = Release|Any CPU
	EndGlobalSection
	GlobalSection(SolutionProperties) = preSolution
		HideSolutionNode = FALSE
	EndGlobalSection
EndGlobal
